
Microsoft Visual Studio Solution File, Format Version 12.00
# Visual Studio 15
VisualStudioVersion = 15.0.27004.2006
MinimumVisualStudioVersion = 10.0.40219.1
Project("{FAE04EC0-301F-11D3-BF4B-00C04F79EFBC}") = "SitecoreScheduledPublishing", "SitecoreScheduledPublishing\SitecoreScheduledPublishing.csproj", "{72AC6A89-EF48-499F-8C11-D3F95B3AD347}"
EndProject
Global
	GlobalSection(SolutionConfigurationPlatforms) = preSolution
		Debug|Any CPU = Debug|Any CPU
		Release|Any CPU = Release|Any CPU
	EndGlobalSection
	GlobalSection(ProjectConfigurationPlatforms) = postSolution
		{72AC6A89-EF48-499F-8C11-D3F95B3AD347}.Debug|Any CPU.ActiveCfg = Debug|Any CPU
		{72AC6A89-EF48-499F-8C11-D3F95B3AD347}.Debug|Any CPU.Build.0 = Debug|Any CPU
		{72AC6A89-EF48-499F-8C11-D3F95B3AD347}.Release|Any CPU.ActiveCfg = Release|Any CPU
		{72AC6A89-EF48-499F-8C11-D3F95B3AD347}.Release|Any CPU.Build.0 = Release|Any CPU
	EndGlobalSection
	GlobalSection(SolutionProperties) = preSolution
		HideSolutionNode = FALSE
	EndGlobalSection
	GlobalSection(ExtensibilityGlobals) = postSolution
		SolutionGuid = {88B86B0A-09C2-41EE-A133-C78576857D77}
	EndGlobalSection
EndGlobal
